Microsoft Visual Studio Solution File, Format Version 12.00
# Visual Studio Version 17
VisualStudioVersion = 17.5.2.0
MinimumVisualStudioVersion = 10.0.40219.1
Project("{FAE04EC0-301F-11D3-BF4B-00C04F79EFBC}") = "IdeaCenterExamPrep", "IdeaCenterExamPrep.csproj", "{5042010E-12B6-D07E-740D-C68621B4D691}"
EndProject
Global
	GlobalSection(SolutionConfigurationPlatforms) = preSolution
		Debug|Any CPU = Debug|Any CPU
		Release|Any CPU = Release|Any CPU
	EndGlobalSection
	GlobalSection(ProjectConfigurationPlatforms) = postSolution
		{5042010E-12B6-D07E-740D-C68621B4D691}.Debug|Any CPU.ActiveCfg = Debug|Any CPU
		{5042010E-12B6-D07E-740D-C68621B4D691}.Debug|Any CPU.Build.0 = Debug|Any CPU
		{5042010E-12B6-D07E-740D-C68621B4D691}.Release|Any CPU.ActiveCfg = Release|Any CPU
		{5042010E-12B6-D07E-740D-C68621B4D691}.Release|Any CPU.Build.0 = Release|Any CPU
	EndGlobalSection
	GlobalSection(SolutionProperties) = preSolution
		HideSolutionNode = FALSE
	EndGlobalSection
	GlobalSection(ExtensibilityGlobals) = postSolution
		SolutionGuid = {CAAF5DAF-95D0-4528-96F4-5618264E644C}
	EndGlobalSection
EndGlobal
